{
  "version": "5",
  "specifiers": {
    "npm:hono@^4.13.2": "4.13.2"
  },
  "npm": {
    "hono@4.13.2": {
      "integrity": "sha512-JydRilDRkYBQMt9qR9U92mXxmbGqsqSn/IKOrh4e7/gEbn+0zSr8igTu0obwJoNGN4sez28DIql7FBHWydoJpA=="
    }
  },
  "workspace": {
    "dependencies": [
      "npm:hono@^4.13.2"
    ]
  }
}
